
Microsoft Visual Studio Solution File, Format Version 12.00
# Visual Studio 15
VisualStudioVersion = 15.0.28307.539
MinimumVisualStudioVersion = 10.0.40219.1
Project("{FAE04EC0-301F-11D3-BF4B-00C04F79EFBC}") = "WpfApp1", "WpfApp1\WpfApp1.csproj", "{FFAED0F4-2C6E-4528-951F-AFFA75D01909}"
EndProject
Global
	GlobalSection(SolutionConfigurationPlatforms) = preSolution
		Debug|Any CPU = Debug|Any CPU
		Release|Any CPU = Release|Any CPU
	EndGlobalSection
	GlobalSection(ProjectConfigurationPlatforms) = postSolution
		{FFAED0F4-2C6E-4528-951F-AFFA75D01909}.Debug|Any CPU.ActiveCfg = Debug|Any CPU
		{FFAED0F4-2C6E-4528-951F-AFFA75D01909}.Debug|Any CPU.Build.0 = Debug|Any CPU
		{FFAED0F4-2C6E-4528-951F-AFFA75D01909}.Release|Any CPU.ActiveCfg = Release|Any CPU
		{FFAED0F4-2C6E-4528-951F-AFFA75D01909}.Release|Any CPU.Build.0 = Release|Any CPU
	EndGlobalSection
	GlobalSection(SolutionProperties) = preSolution
		HideSolutionNode = FALSE
	EndGlobalSection
	GlobalSection(ExtensibilityGlobals) = postSolution
		SolutionGuid = {B8B16CFB-E3A0-42B8-9D07-C03C11A02356}
	EndGlobalSection
EndGlobal
